// !$*UTF8*$!
{
	archiveVersion = 1;
	classes = {
	};
	objectVersion = 46;
	objects = {

/* Begin PBXBuildFile section */
		56BADD1D1567E7F700D72702 /* Cocoa.framework in Frameworks */ = {isa = PBXBuildFile; fileRef = 56BADD1C1567E7F700D72702 /* Cocoa.framework */; };
		56BADD271567E7F700D72702 /* InfoPlist.strings in Resources */ = {isa = PBXBuildFile; fileRef = 56BADD251567E7F700D72702 /* InfoPlist.strings */; };
		56BADD291567E7F700D72702 /* main.m in Sources */ = {isa = PBXBuildFile; fileRef = 56BADD281567E7F700D72702 /* main.m */; };
		56BADD2D1567E7F700D72702 /* Credits.rtf in Resources */ = {isa = PBXBuildFile; fileRef = 56BADD2B1567E7F700D72702 /* Credits.rtf */; };
		56BADD301567E7F700D72702 /* AppDelegate.m in Sources */ = {isa = PBXBuildFile; fileRef = 56BADD2F1567E7F700D72702 /* AppDelegate.m */; };
		56BADD331567E7F700D72702 /* MainMenu.xib in Resources */ = {isa = PBXBuildFile; fileRef = 56BADD311567E7F700D72702 /* MainMenu.xib */; };
/* End PBXBuildFile section */

/* Begin PBXFileReference section */
		56BADD181567E7F700D72702 /* SVGMacDemo.app */ = {isa = PBXFileReference; explicitFileType = wrapper.application; includeInIndex = 0; path = SVGMacDemo.app; sourceTree = BUILT_PRODUCTS_DIR; };
		56BADD1C1567E7F700D72702 /* Cocoa.framework */ = {isa = PBXFileReference; lastKnownFileType = wrapper.framework; name = Cocoa.framework; path = System/Library/Frameworks/Cocoa.framework; sourceTree = SDKROOT; };
		56BADD1F1567E7F700D72702 /* AppKit.framework */ = {isa = PBXFileReference; lastKnownFileType = wrapper.framework; name = AppKit.framework; path = System/Library/Frameworks/AppKit.framework; sourceTree = SDKROOT; };
		56BADD201567E7F700D72702 /* CoreData.framework */ = {isa = PBXFileReference; lastKnownFileType = wrapper.framework; name = CoreData.framework; path = System/Library/Frameworks/CoreData.framework; sourceTree = SDKROOT; };
		56BADD211567E7F700D72702 /* Foundation.framework */ = {isa = PBXFileReference; lastKnownFileType = wrapper.framework; name = Foundation.framework; path = System/Library/Frameworks/Foundation.framework; sourceTree = SDKROOT; };
		56BADD241567E7F700D72702 /* SVGMacDemo-Info.plist */ = {isa = PBXFileReference; lastKnownFileType = text.plist.xml; path = "SVGMacDemo-Info.plist"; sourceTree = "<group>"; };
		56BADD261567E7F700D72702 /* en */ = {isa = PBXFileReference; lastKnownFileType = text.plist.strings; name = en; path = en.lproj/InfoPlist.strings; sourceTree = "<group>"; };
		56BADD281567E7F700D72702 /* main.m */ = {isa = PBXFileReference; lastKnownFileType = sourcecode.c.objc; path = main.m; sourceTree = "<group>"; };
		56BADD2A1567E7F700D72702 /* SVGMacDemo-Prefix.pch */ = {isa = PBXFileReference; lastKnownFileType = sourcecode.c.h; path = "SVGMacDemo-Prefix.pch"; sourceTree = "<group>"; };
		56BADD2C1567E7F700D72702 /* en */ = {isa = PBXFileReference; lastKnownFileType = text.rtf; name = en; path = en.lproj/Credits.rtf; sourceTree = "<group>"; };
		56BADD2E1567E7F700D72702 /* AppDelegate.h */ = {isa = PBXFileReference; lastKnownFileType = sourcecode.c.h; path = AppDelegate.h; sourceTree = "<group>"; };
		56BADD2F1567E7F700D72702 /* AppDelegate.m */ = {isa = PBXFileReference; lastKnownFileType = sourcecode.c.objc; path = AppDelegate.m; sourceTree = "<group>"; };
		56BADD321567E7F700D72702 /* en */ = {isa = PBXFileReference; lastKnownFileType = file.xib; name = en; path = en.lproj/MainMenu.xib; sourceTree = "<group>"; };
/* End PBXFileReference section */

/* Begin PBXFrameworksBuildPhase section */
		56BADD151567E7F700D72702 /* Frameworks */ = {
			isa = PBXFrameworksBuildPhase;
			buildActionMask = 2147483647;
			files = (
				56BADD1D1567E7F700D72702 /* Cocoa.framework in Frameworks */,
			);
			runOnlyForDeploymentPostprocessing = 0;
		};
/* End PBXFrameworksBuildPhase section */

/* Begin PBXGroup section */
		56BADD0D1567E7F700D72702 = {
			isa = PBXGroup;
			children = (
				56BADD221567E7F700D72702 /* SVGMacDemo */,
				56BADD1B1567E7F700D72702 /* Frameworks */,
				56BADD191567E7F700D72702 /* Products */,
			);
			sourceTree = "<group>";
		};
		56BADD191567E7F700D72702 /* Products */ = {
			isa = PBXGroup;
			children = (
				56BADD181567E7F700D72702 /* SVGMacDemo.app */,
			);
			name = Products;
			sourceTree = "<group>";
		};
		56BADD1B1567E7F700D72702 /* Frameworks */ = {
			isa = PBXGroup;
			children = (
				56BADD1C1567E7F700D72702 /* Cocoa.framework */,
				56BADD1E1567E7F700D72702 /* Other Frameworks */,
			);
			name = Frameworks;
			sourceTree = "<group>";
		};
		56BADD1E1567E7F700D72702 /* Other Frameworks */ = {
			isa = PBXGroup;
			children = (
				56BADD1F1567E7F700D72702 /* AppKit.framework */,
				56BADD201567E7F700D72702 /* CoreData.framework */,
				56BADD211567E7F700D72702 /* Foundation.framework */,
			);
			name = "Other Frameworks";
			sourceTree = "<group>";
		};
		56BADD221567E7F700D72702 /* SVGMacDemo */ = {
			isa = PBXGroup;
			children = (
				56BADD2E1567E7F700D72702 /* AppDelegate.h */,
				56BADD2F1567E7F700D72702 /* AppDelegate.m */,
				56BADD311567E7F700D72702 /* MainMenu.xib */,
				56BADD231567E7F700D72702 /* Supporting Files */,
			);
			path = SVGMacDemo;
			sourceTree = "<group>";
		};
		56BADD231567E7F700D72702 /* Supporting Files */ = {
			isa = PBXGroup;
			children = (
				56BADD241567E7F700D72702 /* SVGMacDemo-Info.plist */,
				56BADD251567E7F700D72702 /* InfoPlist.strings */,
				56BADD281567E7F700D72702 /* main.m */,
				56BADD2A1567E7F700D72702 /* SVGMacDemo-Prefix.pch */,
				56BADD2B1567E7F700D72702 /* Credits.rtf */,
			);
			name = "Supporting Files";
			sourceTree = "<group>";
		};
/* End PBXGroup section */

/* Begin PBXNativeTarget section */
		56BADD171567E7F700D72702 /* SVGMacDemo */ = {
			isa = PBXNativeTarget;
			buildConfigurationList = 56BADD361567E7F700D72702 /* Build configuration list for PBXNativeTarget "SVGMacDemo" */;
			buildPhases = (
				56BADD141567E7F700D72702 /* Sources */,
				56BADD151567E7F700D72702 /* Frameworks */,
				56BADD161567E7F700D72702 /* Resources */,
			);
			buildRules = (
			);
			dependencies = (
			);
			name = SVGMacDemo;
			productName = SVGMacDemo;
			productReference = 56BADD181567E7F700D72702 /* SVGMacDemo.app */;
			productType = "com.apple.product-type.application";
		};
/* End PBXNativeTarget section */

/* Begin PBXProject section */
		56BADD0F1567E7F700D72702 /* Project object */ = {
			isa = PBXProject;
			attributes = {
				LastUpgradeCheck = 0430;
			};
			buildConfigurationList = 56BADD121567E7F700D72702 /* Build configuration list for PBXProject "SVGMacDemo" */;
			compatibilityVersion = "Xcode 3.2";
			developmentRegion = English;
			hasScannedForEncodings = 0;
			knownRegions = (
				en,
			);
			mainGroup = 56BADD0D1567E7F700D72702;
			productRefGroup = 56BADD191567E7F700D72702 /* Products */;
			projectDirPath = "";
			projectRoot = "";
			targets = (
				56BADD171567E7F700D72702 /* SVGMacDemo */,
			);
		};
/* End PBXProject section */

/* Begin PBXResourcesBuildPhase section */
		56BADD161567E7F700D72702 /* Resources */ = {
			isa = PBXResourcesBuildPhase;
			buildActionMask = 2147483647;
			files = (
				56BADD271567E7F700D72702 /* InfoPlist.strings in Resources */,
				56BADD2D1567E7F700D72702 /* Credits.rtf in Resources */,
				56BADD331567E7F700D72702 /* MainMenu.xib in Resources */,
			);
			runOnlyForDeploymentPostprocessing = 0;
		};
/* End PBXResourcesBuildPhase section */

/* Begin PBXSourcesBuildPhase section */
		56BADD141567E7F700D72702 /* Sources */ = {
			isa = PBXSourcesBuildPhase;
			buildActionMask = 2147483647;
			files = (
				56BADD291567E7F700D72702 /* main.m in Sources */,
				56BADD301567E7F700D72702 /* AppDelegate.m in Sources */,
			);
			runOnlyForDeploymentPostprocessing = 0;
		};
/* End PBXSourcesBuildPhase section */

/* Begin PBXVariantGroup section */
		56BADD251567E7F700D72702 /* InfoPlist.strings */ = {
			isa = PBXVariantGroup;
			children = (
				56BADD261567E7F700D72702 /* en */,
			);
			name = InfoPlist.strings;
			sourceTree = "<group>";
		};
		56BADD2B1567E7F700D72702 /* Credits.rtf */ = {
			isa = PBXVariantGroup;
			children = (
				56BADD2C1567E7F700D72702 /* en */,
			);
			name = Credits.rtf;
			sourceTree = "<group>";
		};
		56BADD311567E7F700D72702 /* MainMenu.xib */ = {
			isa = PBXVariantGroup;
			children = (
				56BADD321567E7F700D72702 /* en */,
			);
			name = MainMenu.xib;
			sourceTree = "<group>";
		};
/* End PBXVariantGroup section */

/* Begin XCBuildConfiguration section */
		56BADD341567E7F700D72702 /* Debug */ = {
			isa = XCBuildConfiguration;
			buildSettings = {
				ALWAYS_SEARCH_USER_PATHS = NO;
				ARCHS = "$(ARCHS_STANDARD_64_BIT)";
				CLANG_ENABLE_OBJC_ARC = YES;
				COPY_PHASE_STRIP = NO;
				GCC_C_LANGUAGE_STANDARD = gnu99;
				GCC_DYNAMIC_NO_PIC = NO;
				GCC_ENABLE_OBJC_EXCEPTIONS = YES;
				GCC_OPTIMIZATION_LEVEL = 0;
				GCC_PREPROCESSOR_DEFINITIONS = (
					"DEBUG=1",
					"$(inherited)",
				);
				GCC_SYMBOLS_PRIVATE_EXTERN = NO;
				GCC_VERSION = com.apple.compilers.llvm.clang.1_0;
				GCC_WARN_64_TO_32_BIT_CONVERSION = YES;
				GCC_WARN_ABOUT_RETURN_TYPE = YES;
				GCC_WARN_UNINITIALIZED_AUTOS = YES;
				GCC_WARN_UNUSED_VARIABLE = YES;
				MACOSX_DEPLOYMENT_TARGET = 10.7;
				ONLY_ACTIVE_ARCH = YES;
				SDKROOT = macosx;
			};
			name = Debug;
		};
		56BADD351567E7F700D72702 /* Release */ = {
			isa = XCBuildConfiguration;
			buildSettings = {
				ALWAYS_SEARCH_USER_PATHS = NO;
				ARCHS = "$(ARCHS_STANDARD_64_BIT)";
				CLANG_ENABLE_OBJC_ARC = YES;
				COPY_PHASE_STRIP = YES;
				DEBUG_INFORMATION_FORMAT = "dwarf-with-dsym";
				GCC_C_LANGUAGE_STANDARD = gnu99;
				GCC_ENABLE_OBJC_EXCEPTIONS = YES;
				GCC_VERSION = com.apple.compilers.llvm.clang.1_0;
				GCC_WARN_64_TO_32_BIT_CONVERSION = YES;
				GCC_WARN_ABOUT_RETURN_TYPE = YES;
				GCC_WARN_UNINITIALIZED_AUTOS = YES;
				GCC_WARN_UNUSED_VARIABLE = YES;
				MACOSX_DEPLOYMENT_TARGET = 10.7;
				SDKROOT = macosx;
			};
			name = Release;
		};
		56BADD371567E7F700D72702 /* Debug */ = {
			isa = XCBuildConfiguration;
			buildSettings = {
				GCC_PRECOMPILE_PREFIX_HEADER = YES;
				GCC_PREFIX_HEADER = "SVGMacDemo/SVGMacDemo-Prefix.pch";
				INFOPLIST_FILE = "SVGMacDemo/SVGMacDemo-Info.plist";
				PRODUCT_NAME = "$(TARGET_NAME)";
				WRAPPER_EXTENSION = app;
			};
			name = Debug;
		};
		56BADD381567E7F700D72702 /* Release */ = {
			isa = XCBuildConfiguration;
			buildSettings = {
				GCC_PRECOMPILE_PREFIX_HEADER = YES;
				GCC_PREFIX_HEADER = "SVGMacDemo/SVGMacDemo-Prefix.pch";
				INFOPLIST_FILE = "SVGMacDemo/SVGMacDemo-Info.plist";
				PRODUCT_NAME = "$(TARGET_NAME)";
				WRAPPER_EXTENSION = app;
			};
			name = Release;
		};
/* End XCBuildConfiguration section */

/* Begin XCConfigurationList section */
		56BADD121567E7F700D72702 /* Build configuration list for PBXProject "SVGMacDemo" */ = {
			isa = XCConfigurationList;
			buildConfigurations = (
				56BADD341567E7F700D72702 /* Debug */,
				56BADD351567E7F700D72702 /* Release */,
			);
			defaultConfigurationIsVisible = 0;
			defaultConfigurationName = Release;
		};
		56BADD361567E7F700D72702 /* Build configuration list for PBXNativeTarget "SVGMacDemo" */ = {
			isa = XCConfigurationList;
			buildConfigurations = (
				56BADD371567E7F700D72702 /* Debug */,
				56BADD381567E7F700D72702 /* Release */,
			);
			defaultConfigurationIsVisible = 0;
		};
/* End XCConfigurationList section */
	};
	rootObject = 56BADD0F1567E7F700D72702 /* Project object */;
}
