// !$*UTF8*$!
{
	archiveVersion = 1;
	classes = {
	};
	objectVersion = 46;
	objects = {

/* Begin PBXBuildFile section */
		56513A1D15680C410081431B /* Cocoa.framework in Frameworks */ = {isa = PBXBuildFile; fileRef = 56513A1C15680C410081431B /* Cocoa.framework */; };
		56513A2715680C410081431B /* InfoPlist.strings in Resources */ = {isa = PBXBuildFile; fileRef = 56513A2515680C410081431B /* InfoPlist.strings */; };
		56513A2915680C410081431B /* main.m in Sources */ = {isa = PBXBuildFile; fileRef = 56513A2815680C410081431B /* main.m */; };
		56513A2D15680C410081431B /* Credits.rtf in Resources */ = {isa = PBXBuildFile; fileRef = 56513A2B15680C410081431B /* Credits.rtf */; };
		56513A3015680C410081431B /* AppDelegate.m in Sources */ = {isa = PBXBuildFile; fileRef = 56513A2F15680C410081431B /* AppDelegate.m */; };
		56513A3315680C410081431B /* MainMenu.xib in Resources */ = {isa = PBXBuildFile; fileRef = 56513A3115680C410081431B /* MainMenu.xib */; };
		56513AA5156811060081431B /* SVGKit.framework in Frameworks */ = {isa = PBXBuildFile; fileRef = 56513AA4156811060081431B /* SVGKit.framework */; };
/* End PBXBuildFile section */

/* Begin PBXFileReference section */
		56513A1815680C410081431B /* SVGMacDemo.app */ = {isa = PBXFileReference; explicitFileType = wrapper.application; includeInIndex = 0; path = SVGMacDemo.app; sourceTree = BUILT_PRODUCTS_DIR; };
		56513A1C15680C410081431B /* Cocoa.framework */ = {isa = PBXFileReference; lastKnownFileType = wrapper.framework; name = Cocoa.framework; path = System/Library/Frameworks/Cocoa.framework; sourceTree = SDKROOT; };
		56513A1F15680C410081431B /* AppKit.framework */ = {isa = PBXFileReference; lastKnownFileType = wrapper.framework; name = AppKit.framework; path = System/Library/Frameworks/AppKit.framework; sourceTree = SDKROOT; };
		56513A2015680C410081431B /* CoreData.framework */ = {isa = PBXFileReference; lastKnownFileType = wrapper.framework; name = CoreData.framework; path = System/Library/Frameworks/CoreData.framework; sourceTree = SDKROOT; };
		56513A2115680C410081431B /* Foundation.framework */ = {isa = PBXFileReference; lastKnownFileType = wrapper.framework; name = Foundation.framework; path = System/Library/Frameworks/Foundation.framework; sourceTree = SDKROOT; };
		56513A2415680C410081431B /* SVGMacDemo-Info.plist */ = {isa = PBXFileReference; lastKnownFileType = text.plist.xml; path = "SVGMacDemo-Info.plist"; sourceTree = "<group>"; };
		56513A2615680C410081431B /* en */ = {isa = PBXFileReference; lastKnownFileType = text.plist.strings; name = en; path = en.lproj/InfoPlist.strings; sourceTree = "<group>"; };
		56513A2815680C410081431B /* main.m */ = {isa = PBXFileReference; lastKnownFileType = sourcecode.c.objc; path = main.m; sourceTree = "<group>"; };
		56513A2A15680C410081431B /* SVGMacDemo-Prefix.pch */ = {isa = PBXFileReference; lastKnownFileType = sourcecode.c.h; path = "SVGMacDemo-Prefix.pch"; sourceTree = "<group>"; };
		56513A2C15680C410081431B /* en */ = {isa = PBXFileReference; lastKnownFileType = text.rtf; name = en; path = en.lproj/Credits.rtf; sourceTree = "<group>"; };
		56513A2E15680C410081431B /* AppDelegate.h */ = {isa = PBXFileReference; lastKnownFileType = sourcecode.c.h; path = AppDelegate.h; sourceTree = "<group>"; };
		56513A2F15680C410081431B /* AppDelegate.m */ = {isa = PBXFileReference; lastKnownFileType = sourcecode.c.objc; path = AppDelegate.m; sourceTree = "<group>"; };
		56513A3215680C410081431B /* en */ = {isa = PBXFileReference; lastKnownFileType = file.xib; name = en; path = en.lproj/MainMenu.xib; sourceTree = "<group>"; };
		56513AA4156811060081431B /* SVGKit.framework */ = {isa = PBXFileReference; lastKnownFileType = wrapper.framework; path = SVGKit.framework; sourceTree = "<group>"; };
/* End PBXFileReference section */

/* Begin PBXFrameworksBuildPhase section */
		56513A1515680C410081431B /* Frameworks */ = {
			isa = PBXFrameworksBuildPhase;
			buildActionMask = 2147483647;
			files = (
				56513A1D15680C410081431B /* Cocoa.framework in Frameworks */,
				56513AA5156811060081431B /* SVGKit.framework in Frameworks */,
			);
			runOnlyForDeploymentPostprocessing = 0;
		};
/* End PBXFrameworksBuildPhase section */

/* Begin PBXGroup section */
		56513A0D15680C410081431B = {
			isa = PBXGroup;
			children = (
				56513A2215680C410081431B /* SVGMacDemo */,
				56513A1B15680C410081431B /* Frameworks */,
				56513A1915680C410081431B /* Products */,
			);
			sourceTree = "<group>";
		};
		56513A1915680C410081431B /* Products */ = {
			isa = PBXGroup;
			children = (
				56513A1815680C410081431B /* SVGMacDemo.app */,
			);
			name = Products;
			sourceTree = "<group>";
		};
		56513A1B15680C410081431B /* Frameworks */ = {
			isa = PBXGroup;
			children = (
				56513AA4156811060081431B /* SVGKit.framework */,
				56513A1C15680C410081431B /* Cocoa.framework */,
				56513A1E15680C410081431B /* Other Frameworks */,
			);
			name = Frameworks;
			sourceTree = "<group>";
		};
		56513A1E15680C410081431B /* Other Frameworks */ = {
			isa = PBXGroup;
			children = (
				56513A1F15680C410081431B /* AppKit.framework */,
				56513A2015680C410081431B /* CoreData.framework */,
				56513A2115680C410081431B /* Foundation.framework */,
			);
			name = "Other Frameworks";
			sourceTree = "<group>";
		};
		56513A2215680C410081431B /* SVGMacDemo */ = {
			isa = PBXGroup;
			children = (
				56513A2E15680C410081431B /* AppDelegate.h */,
				56513A2F15680C410081431B /* AppDelegate.m */,
				56513A3115680C410081431B /* MainMenu.xib */,
				56513A2315680C410081431B /* Supporting Files */,
			);
			path = SVGMacDemo;
			sourceTree = "<group>";
		};
		56513A2315680C410081431B /* Supporting Files */ = {
			isa = PBXGroup;
			children = (
				56513A2415680C410081431B /* SVGMacDemo-Info.plist */,
				56513A2515680C410081431B /* InfoPlist.strings */,
				56513A2815680C410081431B /* main.m */,
				56513A2A15680C410081431B /* SVGMacDemo-Prefix.pch */,
				56513A2B15680C410081431B /* Credits.rtf */,
			);
			name = "Supporting Files";
			sourceTree = "<group>";
		};
/* End PBXGroup section */

/* Begin PBXNativeTarget section */
		56513A1715680C410081431B /* SVGMacDemo */ = {
			isa = PBXNativeTarget;
			buildConfigurationList = 56513A3615680C410081431B /* Build configuration list for PBXNativeTarget "SVGMacDemo" */;
			buildPhases = (
				56513A1415680C410081431B /* Sources */,
				56513A1515680C410081431B /* Frameworks */,
				56513A1615680C410081431B /* Resources */,
			);
			buildRules = (
			);
			dependencies = (
			);
			name = SVGMacDemo;
			productName = SVGMacDemo;
			productReference = 56513A1815680C410081431B /* SVGMacDemo.app */;
			productType = "com.apple.product-type.application";
		};
/* End PBXNativeTarget section */

/* Begin PBXProject section */
		56513A0F15680C410081431B /* Project object */ = {
			isa = PBXProject;
			attributes = {
				LastUpgradeCheck = 0430;
			};
			buildConfigurationList = 56513A1215680C410081431B /* Build configuration list for PBXProject "SVGMacDemo" */;
			compatibilityVersion = "Xcode 3.2";
			developmentRegion = English;
			hasScannedForEncodings = 0;
			knownRegions = (
				en,
			);
			mainGroup = 56513A0D15680C410081431B;
			productRefGroup = 56513A1915680C410081431B /* Products */;
			projectDirPath = "";
			projectRoot = "";
			targets = (
				56513A1715680C410081431B /* SVGMacDemo */,
			);
		};
/* End PBXProject section */

/* Begin PBXResourcesBuildPhase section */
		56513A1615680C410081431B /* Resources */ = {
			isa = PBXResourcesBuildPhase;
			buildActionMask = 2147483647;
			files = (
				56513A2715680C410081431B /* InfoPlist.strings in Resources */,
				56513A2D15680C410081431B /* Credits.rtf in Resources */,
				56513A3315680C410081431B /* MainMenu.xib in Resources */,
			);
			runOnlyForDeploymentPostprocessing = 0;
		};
/* End PBXResourcesBuildPhase section */

/* Begin PBXSourcesBuildPhase section */
		56513A1415680C410081431B /* Sources */ = {
			isa = PBXSourcesBuildPhase;
			buildActionMask = 2147483647;
			files = (
				56513A2915680C410081431B /* main.m in Sources */,
				56513A3015680C410081431B /* AppDelegate.m in Sources */,
			);
			runOnlyForDeploymentPostprocessing = 0;
		};
/* End PBXSourcesBuildPhase section */

/* Begin PBXVariantGroup section */
		56513A2515680C410081431B /* InfoPlist.strings */ = {
			isa = PBXVariantGroup;
			children = (
				56513A2615680C410081431B /* en */,
			);
			name = InfoPlist.strings;
			sourceTree = "<group>";
		};
		56513A2B15680C410081431B /* Credits.rtf */ = {
			isa = PBXVariantGroup;
			children = (
				56513A2C15680C410081431B /* en */,
			);
			name = Credits.rtf;
			sourceTree = "<group>";
		};
		56513A3115680C410081431B /* MainMenu.xib */ = {
			isa = PBXVariantGroup;
			children = (
				56513A3215680C410081431B /* en */,
			);
			name = MainMenu.xib;
			sourceTree = "<group>";
		};
/* End PBXVariantGroup section */

/* Begin XCBuildConfiguration section */
		56513A3415680C410081431B /* Debug */ = {
			isa = XCBuildConfiguration;
			buildSettings = {
				ALWAYS_SEARCH_USER_PATHS = NO;
				ARCHS = "$(ARCHS_STANDARD_64_BIT)";
				CLANG_ENABLE_OBJC_ARC = YES;
				COPY_PHASE_STRIP = NO;
				GCC_C_LANGUAGE_STANDARD = gnu99;
				GCC_DYNAMIC_NO_PIC = NO;
				GCC_ENABLE_OBJC_EXCEPTIONS = YES;
				GCC_OPTIMIZATION_LEVEL = 0;
				GCC_PREPROCESSOR_DEFINITIONS = (
					"DEBUG=1",
					"$(inherited)",
				);
				GCC_SYMBOLS_PRIVATE_EXTERN = NO;
				GCC_VERSION = com.apple.compilers.llvm.clang.1_0;
				GCC_WARN_64_TO_32_BIT_CONVERSION = YES;
				GCC_WARN_ABOUT_RETURN_TYPE = YES;
				GCC_WARN_UNINITIALIZED_AUTOS = YES;
				GCC_WARN_UNUSED_VARIABLE = YES;
				MACOSX_DEPLOYMENT_TARGET = 10.7;
				ONLY_ACTIVE_ARCH = YES;
				SDKROOT = macosx;
			};
			name = Debug;
		};
		56513A3515680C410081431B /* Release */ = {
			isa = XCBuildConfiguration;
			buildSettings = {
				ALWAYS_SEARCH_USER_PATHS = NO;
				ARCHS = "$(ARCHS_STANDARD_64_BIT)";
				CLANG_ENABLE_OBJC_ARC = YES;
				COPY_PHASE_STRIP = YES;
				DEBUG_INFORMATION_FORMAT = "dwarf-with-dsym";
				GCC_C_LANGUAGE_STANDARD = gnu99;
				GCC_ENABLE_OBJC_EXCEPTIONS = YES;
				GCC_VERSION = com.apple.compilers.llvm.clang.1_0;
				GCC_WARN_64_TO_32_BIT_CONVERSION = YES;
				GCC_WARN_ABOUT_RETURN_TYPE = YES;
				GCC_WARN_UNINITIALIZED_AUTOS = YES;
				GCC_WARN_UNUSED_VARIABLE = YES;
				MACOSX_DEPLOYMENT_TARGET = 10.7;
				SDKROOT = macosx;
			};
			name = Release;
		};
		56513A3715680C410081431B /* Debug */ = {
			isa = XCBuildConfiguration;
			buildSettings = {
				FRAMEWORK_SEARCH_PATHS = (
					"$(inherited)",
					"\"$(SRCROOT)\"",
				);
				GCC_PRECOMPILE_PREFIX_HEADER = YES;
				GCC_PREFIX_HEADER = "SVGMacDemo/SVGMacDemo-Prefix.pch";
				INFOPLIST_FILE = "SVGMacDemo/SVGMacDemo-Info.plist";
				PRODUCT_NAME = "$(TARGET_NAME)";
				WRAPPER_EXTENSION = app;
			};
			name = Debug;
		};
		56513A3815680C410081431B /* Release */ = {
			isa = XCBuildConfiguration;
			buildSettings = {
				FRAMEWORK_SEARCH_PATHS = (
					"$(inherited)",
					"\"$(SRCROOT)\"",
				);
				GCC_PRECOMPILE_PREFIX_HEADER = YES;
				GCC_PREFIX_HEADER = "SVGMacDemo/SVGMacDemo-Prefix.pch";
				INFOPLIST_FILE = "SVGMacDemo/SVGMacDemo-Info.plist";
				PRODUCT_NAME = "$(TARGET_NAME)";
				WRAPPER_EXTENSION = app;
			};
			name = Release;
		};
/* End XCBuildConfiguration section */

/* Begin XCConfigurationList section */
		56513A1215680C410081431B /* Build configuration list for PBXProject "SVGMacDemo" */ = {
			isa = XCConfigurationList;
			buildConfigurations = (
				56513A3415680C410081431B /* Debug */,
				56513A3515680C410081431B /* Release */,
			);
			defaultConfigurationIsVisible = 0;
			defaultConfigurationName = Release;
		};
		56513A3615680C410081431B /* Build configuration list for PBXNativeTarget "SVGMacDemo" */ = {
			isa = XCConfigurationList;
			buildConfigurations = (
				56513A3715680C410081431B /* Debug */,
				56513A3815680C410081431B /* Release */,
			);
			defaultConfigurationIsVisible = 0;
		};
/* End XCConfigurationList section */
	};
	rootObject = 56513A0F15680C410081431B /* Project object */;
}
